{
  "nodes": {
    "nixpkgs": {
      "locked": {
        "lastModified": 1661262176,
        "narHash": "sha256-42FXNd2B0QECaULG0Vx+oYzQ9euKcmlg2gmX2D+HbKI=",
        "owner": "NixOS",
        "repo": "nixpkgs",
        "rev": "b9fd420fa535fd254c6f1f26df770b32a9dc98b4",
        "type": "github"
      },
      "original": {
        "id": "nixpkgs",
        "ref": "nixos-22.05",
        "type": "indirect"
      }
    },
    "root": {
      "inputs": {
        "nixpkgs": "nixpkgs"
      }
    }
  },
  "root": "root",
  "version": 7
}
