{
  "nodes": {
    "nixpkgs": {
      "locked": {
        "lastModified": 1648553562,
        "narHash": "sha256-xQhRKu6h0phd56oCzGjkhHkY4eDI1XKedGqkFtlXapk=",
        "owner": "NixOS",
        "repo": "nixpkgs",
        "rev": "9b168e5e62406fa2e55e132f390379a6ba22b402",
        "type": "github"
      },
      "original": {
        "id": "nixpkgs",
        "ref": "nixos-21.11",
        "type": "indirect"
      }
    },
    "root": {
      "inputs": {
        "nixpkgs": "nixpkgs"
      }
    }
  },
  "root": "root",
  "version": 7
}
