# This file is automatically @generated by Cargo.
# It is not intended for manual editing.
[[package]]
name = "httparse"
version = "1.3.5"
source = "registry+https://github.com/rust-lang/crates.io-index"
checksum = "615caabe2c3160b313d52ccc905335f4ed5f10881dd63dc5699d47e90be85691"

[[package]]
name = "webhook-server"
version = "0.1.0"
dependencies = [
 "httparse",
]
